<?xml version="1.0" encoding="utf-8"?>
<Project ToolsVersion="4.0" xmlns="http://schemas.microsoft.com/developer/msbuild/2003">
  <ItemGroup>
    <Filter Include="Source Files">
      <UniqueIdentifier>{4FC737F1-C7A5-4376-A066-2A32D752A2FF}</UniqueIdentifier>
      <Extensions>cpp;c;cc;cxx;def;odl;idl;hpj;bat;asm;asmx</Extensions>
    </Filter>
    <Filter Include="Header Files">
      <UniqueIdentifier>{93995380-89BD-4b04-88EB-625FBE52EBFB}</UniqueIdentifier>
      <Extensions>h;hh;hpp;hxx;hm;inl;inc;ipp;xsd</Extensions>
    </Filter>
    <Filter Include="Resource Files">
      <UniqueIdentifier>{67DA6AB6-F800-4c08-8B7A-83BB121AAD01}</UniqueIdentifier>
      <Extensions>rc;ico;cur;bmp;dlg;rc2;rct;bin;rgs;gif;jpg;jpeg;jpe;resx;tiff;tif;png;wav;mfcribbon-ms</Extensions>
    </Filter>
    <Filter Include="Header Files\Engine">
      <UniqueIdentifier>{a515f216-059a-40a5-8571-48d888f0b665}</UniqueIdentifier>
    </Filter>
    <Filter Include="Header Files\Engine\Entities">
      <UniqueIdentifier>{da034b5e-4484-422f-b2bb-52f42f58098b}</UniqueIdentifier>
    </Filter>
    <Filter Include="Header Files\Engine\Managers">
      <UniqueIdentifier>{7d5421e4-3063-484d-b688-cc5dff14eeb1}</UniqueIdentifier>
    </Filter>
    <Filter Include="Header Files\Engine\System">
      <UniqueIdentifier>{3f40f46b-624b-40f3-b9d5-f3d4a179890f}</UniqueIdentifier>
    </Filter>
    <Filter Include="Source Files\Engine">
      <UniqueIdentifier>{441808b0-a474-4db5-9425-2bdb8b32acde}</UniqueIdentifier>
    </Filter>
    <Filter Include="Source Files\Engine\Entities">
      <UniqueIdentifier>{7921822d-18cc-4ae5-93ae-712ecb7675cc}</UniqueIdentifier>
    </Filter>
    <Filter Include="Source Files\Engine\Managers">
      <UniqueIdentifier>{4630aebb-5d99-4c16-a34c-551cfa06f30f}</UniqueIdentifier>
    </Filter>
    <Filter Include="Source Files\Engine\System">
      <UniqueIdentifier>{2f7c6ed9-ad8e-4fab-ab15-7fe8313f8008}</UniqueIdentifier>
    </Filter>
    <Filter Include="Header Files\GameFiles">
      <UniqueIdentifier>{44809746-65e7-43e2-a6c2-51a87578e8bc}</UniqueIdentifier>
    </Filter>
    <Filter Include="Source Files\GameFiles">
      <UniqueIdentifier>{e7746793-8a54-4ac2-ad01-e0aff5cca308}</UniqueIdentifier>
    </Filter>
    <Filter Include="Source Files\GameFiles\Entities">
      <UniqueIdentifier>{0ac8ae14-1589-4c63-818a-6e3ebfc7d3e8}</UniqueIdentifier>
    </Filter>
    <Filter Include="Header Files\GameFiles\Entities">
      <UniqueIdentifier>{171832fd-c72c-4163-9b4a-ee500a578521}</UniqueIdentifier>
    </Filter>
    <Filter Include="Header Files\Engine\System\Physics">
      <UniqueIdentifier>{596c8196-dffb-4574-8464-0639d6f48718}</UniqueIdentifier>
    </Filter>
    <Filter Include="Source Files\Engine\System\Physics">
      <UniqueIdentifier>{dbf64534-49b7-4acb-bc3e-c20896f465b0}</UniqueIdentifier>
    </Filter>
  </ItemGroup>
  <ItemGroup>
    <ClCompile Include="GameEntity.cpp">
      <Filter>Source Files\Engine\Entities</Filter>
    </ClCompile>
    <ClCompile Include="Texture.cpp">
      <Filter>Source Files\Engine\Entities</Filter>
    </ClCompile>
    <ClCompile Include="AnimatedTexture.cpp">
      <Filter>Source Files\Engine\Entities</Filter>
    </ClCompile>
    <ClCompile Include="AssetManager.cpp">
      <Filter>Source Files\Engine\Managers</Filter>
    </ClCompile>
    <ClCompile Include="AudioManager.cpp">
      <Filter>Source Files\Engine\Managers</Filter>
    </ClCompile>
    <ClCompile Include="GameManager.cpp">
      <Filter>Source Files\Engine\Managers</Filter>
    </ClCompile>
    <ClCompile Include="InputManager.cpp">
      <Filter>Source Files\Engine\Managers</Filter>
    </ClCompile>
    <ClCompile Include="Graphics.cpp">
      <Filter>Source Files\Engine\System</Filter>
    </ClCompile>
    <ClCompile Include="Timer.cpp">
      <Filter>Source Files\Engine\System</Filter>
    </ClCompile>
    <ClCompile Include="Source.cpp">
      <Filter>Source Files</Filter>
    </ClCompile>
    <ClCompile Include="Enemy.cpp">
      <Filter>Source Files\GameFiles\Entities</Filter>
    </ClCompile>
    <ClCompile Include="Player.cpp">
      <Filter>Source Files\GameFiles\Entities</Filter>
    </ClCompile>
    <ClCompile Include="ObjectPooling.cpp">
      <Filter>Source Files</Filter>
    </ClCompile>
    <ClCompile Include="EntityManager.cpp">
      <Filter>Source Files\Engine\Managers</Filter>
    </ClCompile>
    <ClCompile Include="BezierPath.cpp">
      <Filter>Source Files\Engine\Entities</Filter>
    </ClCompile>
    <ClCompile Include="Bullet.cpp">
      <Filter>Source Files</Filter>
    </ClCompile>
    <ClCompile Include="Collision.cpp">
      <Filter>Source Files\Engine\System\Physics</Filter>
    </ClCompile>
    <ClCompile Include="Collider.cpp">
      <Filter>Source Files\Engine\System\Physics</Filter>
    </ClCompile>
    <ClCompile Include="PhysEntity.cpp">
      <Filter>Source Files\Engine\System\Physics</Filter>
    </ClCompile>
    <ClCompile Include="BoxCollider.cpp">
      <Filter>Source Files\Engine\System\Physics</Filter>
    </ClCompile>
    <ClCompile Include="CircleCollider.cpp">
      <Filter>Source Files\Engine\System\Physics</Filter>
    </ClCompile>
    <ClCompile Include="PhysManager.cpp">
      <Filter>Source Files\Engine\System\Physics</Filter>
    </ClCompile>
  </ItemGroup>
  <ItemGroup>
    <ClInclude Include="GameEntity.h">
      <Filter>Header Files\Engine\Entities</Filter>
    </ClInclude>
    <ClInclude Include="Texture.h">
      <Filter>Header Files\Engine\Entities</Filter>
    </ClInclude>
    <ClInclude Include="AudioManager.h">
      <Filter>Header Files\Engine\Managers</Filter>
    </ClInclude>
    <ClInclude Include="AssetManager.h">
      <Filter>Header Files\Engine\Managers</Filter>
    </ClInclude>
    <ClInclude Include="GameManager.h">
      <Filter>Header Files\Engine\Managers</Filter>
    </ClInclude>
    <ClInclude Include="InputManager.h">
      <Filter>Header Files\Engine\Managers</Filter>
    </ClInclude>
    <ClInclude Include="AnimatedTexture.h">
      <Filter>Header Files\Engine\Entities</Filter>
    </ClInclude>
    <ClInclude Include="MathHelper.h">
      <Filter>Header Files\Engine\System</Filter>
    </ClInclude>
    <ClInclude Include="Graphics.h">
      <Filter>Header Files\Engine\System</Filter>
    </ClInclude>
    <ClInclude Include="Timer.h">
      <Filter>Header Files\Engine\System</Filter>
    </ClInclude>
    <ClInclude Include="Enemy.h">
      <Filter>Header Files\GameFiles\Entities</Filter>
    </ClInclude>
    <ClInclude Include="Player.h">
      <Filter>Header Files\GameFiles\Entities</Filter>
    </ClInclude>
    <ClInclude Include="ObjectPooling.h">
      <Filter>Header Files</Filter>
    </ClInclude>
    <ClInclude Include="EntityManager.h">
      <Filter>Header Files\Engine\Managers</Filter>
    </ClInclude>
    <ClInclude Include="BezierPath.h">
      <Filter>Header Files\Engine\Entities</Filter>
    </ClInclude>
    <ClInclude Include="Bullet.h">
      <Filter>Header Files</Filter>
    </ClInclude>
    <ClInclude Include="Collision.h">
      <Filter>Header Files\Engine\System\Physics</Filter>
    </ClInclude>
    <ClInclude Include="Collider.h">
      <Filter>Header Files\Engine\System\Physics</Filter>
    </ClInclude>
    <ClInclude Include="PhysEntity.h">
      <Filter>Header Files\Engine\System\Physics</Filter>
    </ClInclude>
    <ClInclude Include="BoxCollider.h">
      <Filter>Header Files\Engine\System\Physics</Filter>
    </ClInclude>
    <ClInclude Include="CircleCollider.h">
      <Filter>Header Files\Engine\System\Physics</Filter>
    </ClInclude>
    <ClInclude Include="PhysManager.h">
      <Filter>Header Files\Engine\System\Physics</Filter>
    </ClInclude>
    <ClInclude Include="PhysHelper.h">
      <Filter>Header Files\Engine\System\Physics</Filter>
    </ClInclude>
  </ItemGroup>
</Project>